
Microsoft Visual Studio Solution File, Format Version 12.00
# Visual Studio Version 17
Project("{8BC9CEB8-8B4A-11D0-8D11-00A0C91BC942}") = "ALL_BUILD", "ALL_BUILD.vcxproj", "{D93C5FD8-D103-3361-8561-A5EDE5B62E4B}"
	ProjectSection(ProjectDependencies) = postProject
		{D699F047-FA2E-306F-BCEA-01BD4AE6634E} = {D699F047-FA2E-306F-BCEA-01BD4AE6634E}
		{6A9FA22F-FE36-375F-A00C-20D4F3101015} = {6A9FA22F-FE36-375F-A00C-20D4F3101015}
	EndProjectSection
EndProject
Project("{8BC9CEB8-8B4A-11D0-8D11-00A0C91BC942}") = "HRMSPROJECT", "HRMSPROJECT.vcxproj", "{D699F047-FA2E-306F-BCEA-01BD4AE6634E}"
	ProjectSection(ProjectDependencies) = postProject
		{6A9FA22F-FE36-375F-A00C-20D4F3101015} = {6A9FA22F-FE36-375F-A00C-20D4F3101015}
	EndProjectSection
EndProject
Project("{8BC9CEB8-8B4A-11D0-8D11-00A0C91BC942}") = "ZERO_CHECK", "ZERO_CHECK.vcxproj", "{6A9FA22F-FE36-375F-A00C-20D4F3101015}"
	ProjectSection(ProjectDependencies) = postProject
	EndProjectSection
EndProject
Global
	GlobalSection(SolutionConfigurationPlatforms) = preSolution
		Debug|x64 = Debug|x64
		Release|x64 = Release|x64
		MinSizeRel|x64 = MinSizeRel|x64
		RelWithDebInfo|x64 = RelWithDebInfo|x64
	EndGlobalSection
	GlobalSection(ProjectConfigurationPlatforms) = postSolution
		{D93C5FD8-D103-3361-8561-A5EDE5B62E4B}.Debug|x64.ActiveCfg = Debug|x64
		{D93C5FD8-D103-3361-8561-A5EDE5B62E4B}.Release|x64.ActiveCfg = Release|x64
		{D93C5FD8-D103-3361-8561-A5EDE5B62E4B}.MinSizeRel|x64.ActiveCfg = MinSizeRel|x64
		{D93C5FD8-D103-3361-8561-A5EDE5B62E4B}.RelWithDebInfo|x64.ActiveCfg = RelWithDebInfo|x64
		{D699F047-FA2E-306F-BCEA-01BD4AE6634E}.Debug|x64.ActiveCfg = Debug|x64
		{D699F047-FA2E-306F-BCEA-01BD4AE6634E}.Debug|x64.Build.0 = Debug|x64
		{D699F047-FA2E-306F-BCEA-01BD4AE6634E}.Release|x64.ActiveCfg = Release|x64
		{D699F047-FA2E-306F-BCEA-01BD4AE6634E}.Release|x64.Build.0 = Release|x64
		{D699F047-FA2E-306F-BCEA-01BD4AE6634E}.MinSizeRel|x64.ActiveCfg = MinSizeRel|x64
		{D699F047-FA2E-306F-BCEA-01BD4AE6634E}.MinSizeRel|x64.Build.0 = MinSizeRel|x64
		{D699F047-FA2E-306F-BCEA-01BD4AE6634E}.RelWithDebInfo|x64.ActiveCfg = RelWithDebInfo|x64
		{D699F047-FA2E-306F-BCEA-01BD4AE6634E}.RelWithDebInfo|x64.Build.0 = RelWithDebInfo|x64
		{6A9FA22F-FE36-375F-A00C-20D4F3101015}.Debug|x64.ActiveCfg = Debug|x64
		{6A9FA22F-FE36-375F-A00C-20D4F3101015}.Debug|x64.Build.0 = Debug|x64
		{6A9FA22F-FE36-375F-A00C-20D4F3101015}.Release|x64.ActiveCfg = Release|x64
		{6A9FA22F-FE36-375F-A00C-20D4F3101015}.Release|x64.Build.0 = Release|x64
		{6A9FA22F-FE36-375F-A00C-20D4F3101015}.MinSizeRel|x64.ActiveCfg = MinSizeRel|x64
		{6A9FA22F-FE36-375F-A00C-20D4F3101015}.MinSizeRel|x64.Build.0 = MinSizeRel|x64
		{6A9FA22F-FE36-375F-A00C-20D4F3101015}.RelWithDebInfo|x64.ActiveCfg = RelWithDebInfo|x64
		{6A9FA22F-FE36-375F-A00C-20D4F3101015}.RelWithDebInfo|x64.Build.0 = RelWithDebInfo|x64
	EndGlobalSection
	GlobalSection(ExtensibilityGlobals) = postSolution
		SolutionGuid = {9A7C2ECC-29A4-30AD-BBCA-A9179DDACC32}
	EndGlobalSection
	GlobalSection(ExtensibilityAddIns) = postSolution
	EndGlobalSection
EndGlobal
